
Microsoft Visual Studio Solution File, Format Version 12.00
# Visual Studio 2012
Project("{FAE04EC0-301F-11D3-BF4B-00C04F79EFBC}") = "Form Creator Localization", "Form Creator Localization\Form Creator Localization.csproj", "{69268456-F821-40EE-B5D3-3DA7FB9BB194}"
EndProject
Global
	GlobalSection(SolutionConfigurationPlatforms) = preSolution
		Debug|Any CPU = Debug|Any CPU
		Release|Any CPU = Release|Any CPU
	EndGlobalSection
	GlobalSection(ProjectConfigurationPlatforms) = postSolution
		{69268456-F821-40EE-B5D3-3DA7FB9BB194}.Debug|Any CPU.ActiveCfg = Debug|Any CPU
		{69268456-F821-40EE-B5D3-3DA7FB9BB194}.Debug|Any CPU.Build.0 = Debug|Any CPU
		{69268456-F821-40EE-B5D3-3DA7FB9BB194}.Release|Any CPU.ActiveCfg = Release|Any CPU
		{69268456-F821-40EE-B5D3-3DA7FB9BB194}.Release|Any CPU.Build.0 = Release|Any CPU
	EndGlobalSection
	GlobalSection(SolutionProperties) = preSolution
		HideSolutionNode = FALSE
	EndGlobalSection
EndGlobal
